// !$*UTF8*$!
{
	archiveVersion = 1;
	classes = {
	};
	objectVersion = 51;
	objects = {

/* Begin PBXBuildFile section */
		2195ABC7C1F5BFE5E97C366B /* Pods_JobplanetTestApp.framework in Frameworks */ = {isa = PBXBuildFile; fileRef = 71F727EF54524AD368095764 /* Pods_JobplanetTestApp.framework */; };
		31EA7337C3051388B9B54FD7 /* Pods_JobplanetTestAppTests.framework in Frameworks */ = {isa = PBXBuildFile; fileRef = 8C7E7C5013223FBB3CE58E28 /* Pods_JobplanetTestAppTests.framework */; };
		722C5F75260D77A300B60F75 /* APIRequest.swift in Sources */ = {isa = PBXBuildFile; fileRef = 722C5F74260D77A300B60F75 /* APIRequest.swift */; };
		722C5F8A260D840F00B60F75 /* RootViewControllers.storyboard in Resources */ = {isa = PBXBuildFile; fileRef = 722C5F89260D840F00B60F75 /* RootViewControllers.storyboard */; };
		722C5F8F260D841900B60F75 /* RootViewController.swift in Sources */ = {isa = PBXBuildFile; fileRef = 722C5F8E260D841900B60F75 /* RootViewController.swift */; };
		722C5F94260D842400B60F75 /* SearchViewController.swift in Sources */ = {isa = PBXBuildFile; fileRef = 722C5F93260D842400B60F75 /* SearchViewController.swift */; };
		722C5FCB260DACE200B60F75 /* HorizontalTableViewCell.swift in Sources */ = {isa = PBXBuildFile; fileRef = 722C5FC9260DACE200B60F75 /* HorizontalTableViewCell.swift */; };
		722C5FCC260DACE200B60F75 /* HorizontalTableViewCell.xib in Resources */ = {isa = PBXBuildFile; fileRef = 722C5FCA260DACE200B60F75 /* HorizontalTableViewCell.xib */; };
		722C5FD5260DACF400B60F75 /* ResultTableViewCell.swift in Sources */ = {isa = PBXBuildFile; fileRef = 722C5FD3260DACF400B60F75 /* ResultTableViewCell.swift */; };
		722C5FD6260DACF400B60F75 /* ResultTableViewCell.xib in Resources */ = {isa = PBXBuildFile; fileRef = 722C5FD4260DACF400B60F75 /* ResultTableViewCell.xib */; };
		722C5FDF260DB50B00B60F75 /* HorizontalCollectionViewCell.swift in Sources */ = {isa = PBXBuildFile; fileRef = 722C5FDD260DB50B00B60F75 /* HorizontalCollectionViewCell.swift */; };
		722C5FE0260DB50B00B60F75 /* HorizontalCollectionViewCell.xib in Resources */ = {isa = PBXBuildFile; fileRef = 722C5FDE260DB50B00B60F75 /* HorizontalCollectionViewCell.xib */; };
		722C5FE8260DB7CC00B60F75 /* CompanyTitleView.xib in Resources */ = {isa = PBXBuildFile; fileRef = 722C5FE7260DB7CC00B60F75 /* CompanyTitleView.xib */; };
		722C5FED260DB7E600B60F75 /* CompanyTitleView.swift in Sources */ = {isa = PBXBuildFile; fileRef = 722C5FEC260DB7E600B60F75 /* CompanyTitleView.swift */; };
		7276B906260C67EC0011FEB9 /* AppDelegate.swift in Sources */ = {isa = PBXBuildFile; fileRef = 7276B905260C67EC0011FEB9 /* AppDelegate.swift */; };
		7276B908260C67EC0011FEB9 /* SceneDelegate.swift in Sources */ = {isa = PBXBuildFile; fileRef = 7276B907260C67EC0011FEB9 /* SceneDelegate.swift */; };
		7276B90F260C67ED0011FEB9 /* Assets.xcassets in Resources */ = {isa = PBXBuildFile; fileRef = 7276B90E260C67ED0011FEB9 /* Assets.xcassets */; };
		7276B912260C67ED0011FEB9 /* LaunchScreen.storyboard in Resources */ = {isa = PBXBuildFile; fileRef = 7276B910260C67ED0011FEB9 /* LaunchScreen.storyboard */; };
		7276B91D260C67EE0011FEB9 /* JobplanetTestAppTests.swift in Sources */ = {isa = PBXBuildFile; fileRef = 7276B91C260C67EE0011FEB9 /* JobplanetTestAppTests.swift */; };
		7276B928260C67EE0011FEB9 /* JobplanetTestAppUITests.swift in Sources */ = {isa = PBXBuildFile; fileRef = 7276B927260C67EE0011FEB9 /* JobplanetTestAppUITests.swift */; };
		7276B950260C6A5B0011FEB9 /* Constants.swift in Sources */ = {isa = PBXBuildFile; fileRef = 7276B94F260C6A5B0011FEB9 /* Constants.swift */; };
		7276B958260C6A650011FEB9 /* Enums.swift in Sources */ = {isa = PBXBuildFile; fileRef = 7276B957260C6A650011FEB9 /* Enums.swift */; };
		7276B95D260C6A6F0011FEB9 /* Protocols.swift in Sources */ = {isa = PBXBuildFile; fileRef = 7276B95C260C6A6F0011FEB9 /* Protocols.swift */; };
		7276B964260C6ABD0011FEB9 /* SearchDataModel.swift in Sources */ = {isa = PBXBuildFile; fileRef = 7276B963260C6ABD0011FEB9 /* SearchDataModel.swift */; };
		7276B980260C6C190011FEB9 /* test.json in Resources */ = {isa = PBXBuildFile; fileRef = 7276B97F260C6C190011FEB9 /* test.json */; };
		A60DB4090DDAE4FBB12DD1A8 /* Pods_JobplanetTestApp_JobplanetTestAppUITests.framework in Frameworks */ = {isa = PBXBuildFile; fileRef = 3AD29073C017EB65EF2358B2 /* Pods_JobplanetTestApp_JobplanetTestAppUITests.framework */; };
/* End PBXBuildFile section */

/* Begin PBXContainerItemProxy section */
		7276B919260C67EE0011FEB9 /* PBXContainerItemProxy */ = {
			isa = PBXContainerItemProxy;
			containerPortal = 7276B8FA260C67EC0011FEB9 /* Project object */;
			proxyType = 1;
			remoteGlobalIDString = 7276B901260C67EC0011FEB9;
			remoteInfo = JobplanetTestApp;
		};
		7276B924260C67EE0011FEB9 /* PBXContainerItemProxy */ = {
			isa = PBXContainerItemProxy;
			containerPortal = 7276B8FA260C67EC0011FEB9 /* Project object */;
			proxyType = 1;
			remoteGlobalIDString = 7276B901260C67EC0011FEB9;
			remoteInfo = JobplanetTestApp;
		};
/* End PBXContainerItemProxy section */

/* Begin PBXFileReference section */
		3AD29073C017EB65EF2358B2 /* Pods_JobplanetTestApp_JobplanetTestAppUITests.framework */ = {isa = PBXFileReference; explicitFileType = wrapper.framework; includeInIndex = 0; path = Pods_JobplanetTestApp_JobplanetTestAppUITests.framework; sourceTree = BUILT_PRODUCTS_DIR; };
		4581A216C15E9EC474D4FB63 /* Pods-JobplanetTestApp.debug.xcconfig */ = {isa = PBXFileReference; includeInIndex = 1; lastKnownFileType = text.xcconfig; name = "Pods-JobplanetTestApp.debug.xcconfig"; path = "Target Support Files/Pods-JobplanetTestApp/Pods-JobplanetTestApp.debug.xcconfig"; sourceTree = "<group>"; };
		71F727EF54524AD368095764 /* Pods_JobplanetTestApp.framework */ = {isa = PBXFileReference; explicitFileType = wrapper.framework; includeInIndex = 0; path = Pods_JobplanetTestApp.framework; sourceTree = BUILT_PRODUCTS_DIR; };
		722C5F74260D77A300B60F75 /* APIRequest.swift */ = {isa = PBXFileReference; lastKnownFileType = sourcecode.swift; path = APIRequest.swift; sourceTree = "<group>"; };
		722C5F89260D840F00B60F75 /* RootViewControllers.storyboard */ = {isa = PBXFileReference; lastKnownFileType = file.storyboard; path = RootViewControllers.storyboard; sourceTree = "<group>"; };
		722C5F8E260D841900B60F75 /* RootViewController.swift */ = {isa = PBXFileReference; lastKnownFileType = sourcecode.swift; path = RootViewController.swift; sourceTree = "<group>"; };
		722C5F93260D842400B60F75 /* SearchViewController.swift */ = {isa = PBXFileReference; lastKnownFileType = sourcecode.swift; path = SearchViewController.swift; sourceTree = "<group>"; };
		722C5FC9260DACE200B60F75 /* HorizontalTableViewCell.swift */ = {isa = PBXFileReference; lastKnownFileType = sourcecode.swift; path = HorizontalTableViewCell.swift; sourceTree = "<group>"; };
		722C5FCA260DACE200B60F75 /* HorizontalTableViewCell.xib */ = {isa = PBXFileReference; lastKnownFileType = file.xib; path = HorizontalTableViewCell.xib; sourceTree = "<group>"; };
		722C5FD3260DACF400B60F75 /* ResultTableViewCell.swift */ = {isa = PBXFileReference; lastKnownFileType = sourcecode.swift; path = ResultTableViewCell.swift; sourceTree = "<group>"; };
		722C5FD4260DACF400B60F75 /* ResultTableViewCell.xib */ = {isa = PBXFileReference; lastKnownFileType = file.xib; path = ResultTableViewCell.xib; sourceTree = "<group>"; };
		722C5FDD260DB50B00B60F75 /* HorizontalCollectionViewCell.swift */ = {isa = PBXFileReference; lastKnownFileType = sourcecode.swift; path = HorizontalCollectionViewCell.swift; sourceTree = "<group>"; };
		722C5FDE260DB50B00B60F75 /* HorizontalCollectionViewCell.xib */ = {isa = PBXFileReference; lastKnownFileType = file.xib; path = HorizontalCollectionViewCell.xib; sourceTree = "<group>"; };
		722C5FE7260DB7CC00B60F75 /* CompanyTitleView.xib */ = {isa = PBXFileReference; lastKnownFileType = file.xib; path = CompanyTitleView.xib; sourceTree = "<group>"; };
		722C5FEC260DB7E600B60F75 /* CompanyTitleView.swift */ = {isa = PBXFileReference; lastKnownFileType = sourcecode.swift; path = CompanyTitleView.swift; sourceTree = "<group>"; };
		7276B902260C67EC0011FEB9 /* JobplanetTestApp.app */ = {isa = PBXFileReference; explicitFileType = wrapper.application; includeInIndex = 0; path = JobplanetTestApp.app; sourceTree = BUILT_PRODUCTS_DIR; };
		7276B905260C67EC0011FEB9 /* AppDelegate.swift */ = {isa = PBXFileReference; lastKnownFileType = sourcecode.swift; path = AppDelegate.swift; sourceTree = "<group>"; };
		7276B907260C67EC0011FEB9 /* SceneDelegate.swift */ = {isa = PBXFileReference; lastKnownFileType = sourcecode.swift; path = SceneDelegate.swift; sourceTree = "<group>"; };
		7276B90E260C67ED0011FEB9 /* Assets.xcassets */ = {isa = PBXFileReference; lastKnownFileType = folder.assetcatalog; path = Assets.xcassets; sourceTree = "<group>"; };
		7276B911260C67ED0011FEB9 /* Base */ = {isa = PBXFileReference; lastKnownFileType = file.storyboard; name = Base; path = Base.lproj/LaunchScreen.storyboard; sourceTree = "<group>"; };
		7276B913260C67ED0011FEB9 /* Info.plist */ = {isa = PBXFileReference; lastKnownFileType = text.plist.xml; path = Info.plist; sourceTree = "<group>"; };
		7276B918260C67EE0011FEB9 /* JobplanetTestAppTests.xctest */ = {isa = PBXFileReference; explicitFileType = wrapper.cfbundle; includeInIndex = 0; path = JobplanetTestAppTests.xctest; sourceTree = BUILT_PRODUCTS_DIR; };
		7276B91C260C67EE0011FEB9 /* JobplanetTestAppTests.swift */ = {isa = PBXFileReference; lastKnownFileType = sourcecode.swift; path = JobplanetTestAppTests.swift; sourceTree = "<group>"; };
		7276B91E260C67EE0011FEB9 /* Info.plist */ = {isa = PBXFileReference; lastKnownFileType = text.plist.xml; path = Info.plist; sourceTree = "<group>"; };
		7276B923260C67EE0011FEB9 /* JobplanetTestAppUITests.xctest */ = {isa = PBXFileReference; explicitFileType = wrapper.cfbundle; includeInIndex = 0; path = JobplanetTestAppUITests.xctest; sourceTree = BUILT_PRODUCTS_DIR; };
		7276B927260C67EE0011FEB9 /* JobplanetTestAppUITests.swift */ = {isa = PBXFileReference; lastKnownFileType = sourcecode.swift; path = JobplanetTestAppUITests.swift; sourceTree = "<group>"; };
		7276B929260C67EE0011FEB9 /* Info.plist */ = {isa = PBXFileReference; lastKnownFileType = text.plist.xml; path = Info.plist; sourceTree = "<group>"; };
		7276B94F260C6A5B0011FEB9 /* Constants.swift */ = {isa = PBXFileReference; lastKnownFileType = sourcecode.swift; path = Constants.swift; sourceTree = "<group>"; };
		7276B957260C6A650011FEB9 /* Enums.swift */ = {isa = PBXFileReference; lastKnownFileType = sourcecode.swift; path = Enums.swift; sourceTree = "<group>"; };
		7276B95C260C6A6F0011FEB9 /* Protocols.swift */ = {isa = PBXFileReference; lastKnownFileType = sourcecode.swift; path = Protocols.swift; sourceTree = "<group>"; };
		7276B963260C6ABD0011FEB9 /* SearchDataModel.swift */ = {isa = PBXFileReference; lastKnownFileType = sourcecode.swift; path = SearchDataModel.swift; sourceTree = "<group>"; };
		7276B97F260C6C190011FEB9 /* test.json */ = {isa = PBXFileReference; lastKnownFileType = text.json; path = test.json; sourceTree = "<group>"; };
		7B47629730C8759680843026 /* Pods-JobplanetTestApp-JobplanetTestAppUITests.debug.xcconfig */ = {isa = PBXFileReference; includeInIndex = 1; lastKnownFileType = text.xcconfig; name = "Pods-JobplanetTestApp-JobplanetTestAppUITests.debug.xcconfig"; path = "Target Support Files/Pods-JobplanetTestApp-JobplanetTestAppUITests/Pods-JobplanetTestApp-JobplanetTestAppUITests.debug.xcconfig"; sourceTree = "<group>"; };
		7F95D7EE602AB30B766EFCB1 /* Pods-JobplanetTestAppTests.release.xcconfig */ = {isa = PBXFileReference; includeInIndex = 1; lastKnownFileType = text.xcconfig; name = "Pods-JobplanetTestAppTests.release.xcconfig"; path = "Target Support Files/Pods-JobplanetTestAppTests/Pods-JobplanetTestAppTests.release.xcconfig"; sourceTree = "<group>"; };
		899139C503AE2F6A972D37FA /* Pods-JobplanetTestApp.release.xcconfig */ = {isa = PBXFileReference; includeInIndex = 1; lastKnownFileType = text.xcconfig; name = "Pods-JobplanetTestApp.release.xcconfig"; path = "Target Support Files/Pods-JobplanetTestApp/Pods-JobplanetTestApp.release.xcconfig"; sourceTree = "<group>"; };
		8C7E7C5013223FBB3CE58E28 /* Pods_JobplanetTestAppTests.framework */ = {isa = PBXFileReference; explicitFileType = wrapper.framework; includeInIndex = 0; path = Pods_JobplanetTestAppTests.framework; sourceTree = BUILT_PRODUCTS_DIR; };
		9E6E2CD41E6D1D649C3E6622 /* Pods-JobplanetTestAppTests.debug.xcconfig */ = {isa = PBXFileReference; includeInIndex = 1; lastKnownFileType = text.xcconfig; name = "Pods-JobplanetTestAppTests.debug.xcconfig"; path = "Target Support Files/Pods-JobplanetTestAppTests/Pods-JobplanetTestAppTests.debug.xcconfig"; sourceTree = "<group>"; };
		D8467A3F5D1A4D6019804107 /* Pods-JobplanetTestApp-JobplanetTestAppUITests.release.xcconfig */ = {isa = PBXFileReference; includeInIndex = 1; lastKnownFileType = text.xcconfig; name = "Pods-JobplanetTestApp-JobplanetTestAppUITests.release.xcconfig"; path = "Target Support Files/Pods-JobplanetTestApp-JobplanetTestAppUITests/Pods-JobplanetTestApp-JobplanetTestAppUITests.release.xcconfig"; sourceTree = "<group>"; };
/* End PBXFileReference section */

/* Begin PBXFrameworksBuildPhase section */
		7276B8FF260C67EC0011FEB9 /* Frameworks */ = {
			isa = PBXFrameworksBuildPhase;
			buildActionMask = 2147483647;
			files = (
				2195ABC7C1F5BFE5E97C366B /* Pods_JobplanetTestApp.framework in Frameworks */,
			);
			runOnlyForDeploymentPostprocessing = 0;
		};
		7276B915260C67EE0011FEB9 /* Frameworks */ = {
			isa = PBXFrameworksBuildPhase;
			buildActionMask = 2147483647;
			files = (
				31EA7337C3051388B9B54FD7 /* Pods_JobplanetTestAppTests.framework in Frameworks */,
			);
			runOnlyForDeploymentPostprocessing = 0;
		};
		7276B920260C67EE0011FEB9 /* Frameworks */ = {
			isa = PBXFrameworksBuildPhase;
			buildActionMask = 2147483647;
			files = (
				A60DB4090DDAE4FBB12DD1A8 /* Pods_JobplanetTestApp_JobplanetTestAppUITests.framework in Frameworks */,
			);
			runOnlyForDeploymentPostprocessing = 0;
		};
/* End PBXFrameworksBuildPhase section */

/* Begin PBXGroup section */
		09CDA78709A11AE19B0C1387 /* Pods */ = {
			isa = PBXGroup;
			children = (
				4581A216C15E9EC474D4FB63 /* Pods-JobplanetTestApp.debug.xcconfig */,
				899139C503AE2F6A972D37FA /* Pods-JobplanetTestApp.release.xcconfig */,
				7B47629730C8759680843026 /* Pods-JobplanetTestApp-JobplanetTestAppUITests.debug.xcconfig */,
				D8467A3F5D1A4D6019804107 /* Pods-JobplanetTestApp-JobplanetTestAppUITests.release.xcconfig */,
				9E6E2CD41E6D1D649C3E6622 /* Pods-JobplanetTestAppTests.debug.xcconfig */,
				7F95D7EE602AB30B766EFCB1 /* Pods-JobplanetTestAppTests.release.xcconfig */,
			);
			path = Pods;
			sourceTree = "<group>";
		};
		722C5F73260D778B00B60F75 /* APIRequest */ = {
			isa = PBXGroup;
			children = (
				722C5F74260D77A300B60F75 /* APIRequest.swift */,
			);
			path = APIRequest;
			sourceTree = "<group>";
		};
		7276B8F9260C67EC0011FEB9 = {
			isa = PBXGroup;
			children = (
				7276B904260C67EC0011FEB9 /* JobplanetTestApp */,
				7276B91B260C67EE0011FEB9 /* JobplanetTestAppTests */,
				7276B926260C67EE0011FEB9 /* JobplanetTestAppUITests */,
				7276B903260C67EC0011FEB9 /* Products */,
				09CDA78709A11AE19B0C1387 /* Pods */,
				D3EB63EA2B0FDA55FA3A0E6A /* Frameworks */,
			);
			sourceTree = "<group>";
		};
		7276B903260C67EC0011FEB9 /* Products */ = {
			isa = PBXGroup;
			children = (
				7276B902260C67EC0011FEB9 /* JobplanetTestApp.app */,
				7276B918260C67EE0011FEB9 /* JobplanetTestAppTests.xctest */,
				7276B923260C67EE0011FEB9 /* JobplanetTestAppUITests.xctest */,
			);
			name = Products;
			sourceTree = "<group>";
		};
		7276B904260C67EC0011FEB9 /* JobplanetTestApp */ = {
			isa = PBXGroup;
			children = (
				7276B94B260C6A180011FEB9 /* ViewControllers */,
				7276B94C260C6A210011FEB9 /* CustomViews */,
				7276B94A260C6A090011FEB9 /* Supports */,
				7276B905260C67EC0011FEB9 /* AppDelegate.swift */,
				7276B907260C67EC0011FEB9 /* SceneDelegate.swift */,
				7276B90E260C67ED0011FEB9 /* Assets.xcassets */,
				7276B910260C67ED0011FEB9 /* LaunchScreen.storyboard */,
				7276B913260C67ED0011FEB9 /* Info.plist */,
			);
			path = JobplanetTestApp;
			sourceTree = "<group>";
		};
		7276B91B260C67EE0011FEB9 /* JobplanetTestAppTests */ = {
			isa = PBXGroup;
			children = (
				7276B91C260C67EE0011FEB9 /* JobplanetTestAppTests.swift */,
				7276B91E260C67EE0011FEB9 /* Info.plist */,
			);
			path = JobplanetTestAppTests;
			sourceTree = "<group>";
		};
		7276B926260C67EE0011FEB9 /* JobplanetTestAppUITests */ = {
			isa = PBXGroup;
			children = (
				7276B927260C67EE0011FEB9 /* JobplanetTestAppUITests.swift */,
				7276B929260C67EE0011FEB9 /* Info.plist */,
			);
			path = JobplanetTestAppUITests;
			sourceTree = "<group>";
		};
		7276B94A260C6A090011FEB9 /* Supports */ = {
			isa = PBXGroup;
			children = (
				722C5F73260D778B00B60F75 /* APIRequest */,
				7276B962260C6A970011FEB9 /* Models */,
				7276B961260C6A840011FEB9 /* Extensions */,
				7276B94F260C6A5B0011FEB9 /* Constants.swift */,
				7276B95C260C6A6F0011FEB9 /* Protocols.swift */,
				7276B957260C6A650011FEB9 /* Enums.swift */,
				7276B97F260C6C190011FEB9 /* test.json */,
			);
			path = Supports;
			sourceTree = "<group>";
		};
		7276B94B260C6A180011FEB9 /* ViewControllers */ = {
			isa = PBXGroup;
			children = (
				7276B94E260C6A390011FEB9 /* RootView */,
			);
			path = ViewControllers;
			sourceTree = "<group>";
		};
		7276B94C260C6A210011FEB9 /* CustomViews */ = {
			isa = PBXGroup;
			children = (
				7276B94D260C6A310011FEB9 /* Cells */,
				722C5FE7260DB7CC00B60F75 /* CompanyTitleView.xib */,
				722C5FEC260DB7E600B60F75 /* CompanyTitleView.swift */,
			);
			path = CustomViews;
			sourceTree = "<group>";
		};
		7276B94D260C6A310011FEB9 /* Cells */ = {
			isa = PBXGroup;
			children = (
				722C5FCA260DACE200B60F75 /* HorizontalTableViewCell.xib */,
				722C5FC9260DACE200B60F75 /* HorizontalTableViewCell.swift */,
				722C5FD4260DACF400B60F75 /* ResultTableViewCell.xib */,
				722C5FD3260DACF400B60F75 /* ResultTableViewCell.swift */,
				722C5FDE260DB50B00B60F75 /* HorizontalCollectionViewCell.xib */,
				722C5FDD260DB50B00B60F75 /* HorizontalCollectionViewCell.swift */,
			);
			path = Cells;
			sourceTree = "<group>";
		};
		7276B94E260C6A390011FEB9 /* RootView */ = {
			isa = PBXGroup;
			children = (
				722C5F89260D840F00B60F75 /* RootViewControllers.storyboard */,
				722C5F8E260D841900B60F75 /* RootViewController.swift */,
				722C5F93260D842400B60F75 /* SearchViewController.swift */,
			);
			path = RootView;
			sourceTree = "<group>";
		};
		7276B961260C6A840011FEB9 /* Extensions */ = {
			isa = PBXGroup;
			children = (
			);
			path = Extensions;
			sourceTree = "<group>";
		};
		7276B962260C6A970011FEB9 /* Models */ = {
			isa = PBXGroup;
			children = (
				7276B963260C6ABD0011FEB9 /* SearchDataModel.swift */,
			);
			path = Models;
			sourceTree = "<group>";
		};
		D3EB63EA2B0FDA55FA3A0E6A /* Frameworks */ = {
			isa = PBXGroup;
			children = (
				71F727EF54524AD368095764 /* Pods_JobplanetTestApp.framework */,
				3AD29073C017EB65EF2358B2 /* Pods_JobplanetTestApp_JobplanetTestAppUITests.framework */,
				8C7E7C5013223FBB3CE58E28 /* Pods_JobplanetTestAppTests.framework */,
			);
			name = Frameworks;
			sourceTree = "<group>";
		};
/* End PBXGroup section */

/* Begin PBXNativeTarget section */
		7276B901260C67EC0011FEB9 /* JobplanetTestApp */ = {
			isa = PBXNativeTarget;
			buildConfigurationList = 7276B92C260C67EE0011FEB9 /* Build configuration list for PBXNativeTarget "JobplanetTestApp" */;
			buildPhases = (
				5F87F386AEFBCF949F366371 /* [CP] Check Pods Manifest.lock */,
				7276B8FE260C67EC0011FEB9 /* Sources */,
				7276B8FF260C67EC0011FEB9 /* Frameworks */,
				7276B900260C67EC0011FEB9 /* Resources */,
				4BC2216122FFA15CAA6FECAD /* [CP] Embed Pods Frameworks */,
			);
			buildRules = (
			);
			dependencies = (
			);
			name = JobplanetTestApp;
			productName = JobplanetTestApp;
			productReference = 7276B902260C67EC0011FEB9 /* JobplanetTestApp.app */;
			productType = "com.apple.product-type.application";
		};
		7276B917260C67EE0011FEB9 /* JobplanetTestAppTests */ = {
			isa = PBXNativeTarget;
			buildConfigurationList = 7276B92F260C67EE0011FEB9 /* Build configuration list for PBXNativeTarget "JobplanetTestAppTests" */;
			buildPhases = (
				23FAB20469E8006EF182B882 /* [CP] Check Pods Manifest.lock */,
				7276B914260C67EE0011FEB9 /* Sources */,
				7276B915260C67EE0011FEB9 /* Frameworks */,
				7276B916260C67EE0011FEB9 /* Resources */,
			);
			buildRules = (
			);
			dependencies = (
				7276B91A260C67EE0011FEB9 /* PBXTargetDependency */,
			);
			name = JobplanetTestAppTests;
			productName = JobplanetTestAppTests;
			productReference = 7276B918260C67EE0011FEB9 /* JobplanetTestAppTests.xctest */;
			productType = "com.apple.product-type.bundle.unit-test";
		};
		7276B922260C67EE0011FEB9 /* JobplanetTestAppUITests */ = {
			isa = PBXNativeTarget;
			buildConfigurationList = 7276B932260C67EE0011FEB9 /* Build configuration list for PBXNativeTarget "JobplanetTestAppUITests" */;
			buildPhases = (
				0DB6526CB59AB694A9570AFD /* [CP] Check Pods Manifest.lock */,
				7276B91F260C67EE0011FEB9 /* Sources */,
				7276B920260C67EE0011FEB9 /* Frameworks */,
				7276B921260C67EE0011FEB9 /* Resources */,
				024FA97B7C80E2521AC885E3 /* [CP] Embed Pods Frameworks */,
			);
			buildRules = (
			);
			dependencies = (
				7276B925260C67EE0011FEB9 /* PBXTargetDependency */,
			);
			name = JobplanetTestAppUITests;
			productName = JobplanetTestAppUITests;
			productReference = 7276B923260C67EE0011FEB9 /* JobplanetTestAppUITests.xctest */;
			productType = "com.apple.product-type.bundle.ui-testing";
		};
/* End PBXNativeTarget section */

/* Begin PBXProject section */
		7276B8FA260C67EC0011FEB9 /* Project object */ = {
			isa = PBXProject;
			attributes = {
				LastSwiftUpdateCheck = 1240;
				LastUpgradeCheck = 1240;
				TargetAttributes = {
					7276B901260C67EC0011FEB9 = {
						CreatedOnToolsVersion = 12.4;
					};
					7276B917260C67EE0011FEB9 = {
						CreatedOnToolsVersion = 12.4;
						TestTargetID = 7276B901260C67EC0011FEB9;
					};
					7276B922260C67EE0011FEB9 = {
						CreatedOnToolsVersion = 12.4;
						TestTargetID = 7276B901260C67EC0011FEB9;
					};
				};
			};
			buildConfigurationList = 7276B8FD260C67EC0011FEB9 /* Build configuration list for PBXProject "JobplanetTestApp" */;
			compatibilityVersion = "Xcode 9.3";
			developmentRegion = en;
			hasScannedForEncodings = 0;
			knownRegions = (
				en,
				Base,
			);
			mainGroup = 7276B8F9260C67EC0011FEB9;
			productRefGroup = 7276B903260C67EC0011FEB9 /* Products */;
			projectDirPath = "";
			projectRoot = "";
			targets = (
				7276B901260C67EC0011FEB9 /* JobplanetTestApp */,
				7276B917260C67EE0011FEB9 /* JobplanetTestAppTests */,
				7276B922260C67EE0011FEB9 /* JobplanetTestAppUITests */,
			);
		};
/* End PBXProject section */

/* Begin PBXResourcesBuildPhase section */
		7276B900260C67EC0011FEB9 /* Resources */ = {
			isa = PBXResourcesBuildPhase;
			buildActionMask = 2147483647;
			files = (
				722C5FCC260DACE200B60F75 /* HorizontalTableViewCell.xib in Resources */,
				722C5FE8260DB7CC00B60F75 /* CompanyTitleView.xib in Resources */,
				7276B912260C67ED0011FEB9 /* LaunchScreen.storyboard in Resources */,
				722C5FD6260DACF400B60F75 /* ResultTableViewCell.xib in Resources */,
				722C5FE0260DB50B00B60F75 /* HorizontalCollectionViewCell.xib in Resources */,
				7276B90F260C67ED0011FEB9 /* Assets.xcassets in Resources */,
				722C5F8A260D840F00B60F75 /* RootViewControllers.storyboard in Resources */,
				7276B980260C6C190011FEB9 /* test.json in Resources */,
			);
			runOnlyForDeploymentPostprocessing = 0;
		};
		7276B916260C67EE0011FEB9 /* Resources */ = {
			isa = PBXResourcesBuildPhase;
			buildActionMask = 2147483647;
			files = (
			);
			runOnlyForDeploymentPostprocessing = 0;
		};
		7276B921260C67EE0011FEB9 /* Resources */ = {
			isa = PBXResourcesBuildPhase;
			buildActionMask = 2147483647;
			files = (
			);
			runOnlyForDeploymentPostprocessing = 0;
		};
/* End PBXResourcesBuildPhase section */

/* Begin PBXShellScriptBuildPhase section */
		024FA97B7C80E2521AC885E3 /* [CP] Embed Pods Frameworks */ = {
			isa = PBXShellScriptBuildPhase;
			buildActionMask = 2147483647;
			files = (
			);
			inputFileListPaths = (
				"${PODS_ROOT}/Target Support Files/Pods-JobplanetTestApp-JobplanetTestAppUITests/Pods-JobplanetTestApp-JobplanetTestAppUITests-frameworks-${CONFIGURATION}-input-files.xcfilelist",
			);
			name = "[CP] Embed Pods Frameworks";
			outputFileListPaths = (
				"${PODS_ROOT}/Target Support Files/Pods-JobplanetTestApp-JobplanetTestAppUITests/Pods-JobplanetTestApp-JobplanetTestAppUITests-frameworks-${CONFIGURATION}-output-files.xcfilelist",
			);
			runOnlyForDeploymentPostprocessing = 0;
			shellPath = /bin/sh;
			shellScript = "\"${PODS_ROOT}/Target Support Files/Pods-JobplanetTestApp-JobplanetTestAppUITests/Pods-JobplanetTestApp-JobplanetTestAppUITests-frameworks.sh\"\n";
			showEnvVarsInLog = 0;
		};
		0DB6526CB59AB694A9570AFD /* [CP] Check Pods Manifest.lock */ = {
			isa = PBXShellScriptBuildPhase;
			buildActionMask = 2147483647;
			files = (
			);
			inputFileListPaths = (
			);
			inputPaths = (
				"${PODS_PODFILE_DIR_PATH}/Podfile.lock",
				"${PODS_ROOT}/Manifest.lock",
			);
			name = "[CP] Check Pods Manifest.lock";
			outputFileListPaths = (
			);
			outputPaths = (
				"$(DERIVED_FILE_DIR)/Pods-JobplanetTestApp-JobplanetTestAppUITests-checkManifestLockResult.txt",
			);
			runOnlyForDeploymentPostprocessing = 0;
			shellPath = /bin/sh;
			shellScript = "diff \"${PODS_PODFILE_DIR_PATH}/Podfile.lock\" \"${PODS_ROOT}/Manifest.lock\" > /dev/null\nif [ $? != 0 ] ; then\n    # print error to STDERR\n    echo \"error: The sandbox is not in sync with the Podfile.lock. Run 'pod install' or update your CocoaPods installation.\" >&2\n    exit 1\nfi\n# This output is used by Xcode 'outputs' to avoid re-running this script phase.\necho \"SUCCESS\" > \"${SCRIPT_OUTPUT_FILE_0}\"\n";
			showEnvVarsInLog = 0;
		};
		23FAB20469E8006EF182B882 /* [CP] Check Pods Manifest.lock */ = {
			isa = PBXShellScriptBuildPhase;
			buildActionMask = 2147483647;
			files = (
			);
			inputFileListPaths = (
			);
			inputPaths = (
				"${PODS_PODFILE_DIR_PATH}/Podfile.lock",
				"${PODS_ROOT}/Manifest.lock",
			);
			name = "[CP] Check Pods Manifest.lock";
			outputFileListPaths = (
			);
			outputPaths = (
				"$(DERIVED_FILE_DIR)/Pods-JobplanetTestAppTests-checkManifestLockResult.txt",
			);
			runOnlyForDeploymentPostprocessing = 0;
			shellPath = /bin/sh;
			shellScript = "diff \"${PODS_PODFILE_DIR_PATH}/Podfile.lock\" \"${PODS_ROOT}/Manifest.lock\" > /dev/null\nif [ $? != 0 ] ; then\n    # print error to STDERR\n    echo \"error: The sandbox is not in sync with the Podfile.lock. Run 'pod install' or update your CocoaPods installation.\" >&2\n    exit 1\nfi\n# This output is used by Xcode 'outputs' to avoid re-running this script phase.\necho \"SUCCESS\" > \"${SCRIPT_OUTPUT_FILE_0}\"\n";
			showEnvVarsInLog = 0;
		};
		4BC2216122FFA15CAA6FECAD /* [CP] Embed Pods Frameworks */ = {
			isa = PBXShellScriptBuildPhase;
			buildActionMask = 2147483647;
			files = (
			);
			inputFileListPaths = (
				"${PODS_ROOT}/Target Support Files/Pods-JobplanetTestApp/Pods-JobplanetTestApp-frameworks-${CONFIGURATION}-input-files.xcfilelist",
			);
			name = "[CP] Embed Pods Frameworks";
			outputFileListPaths = (
				"${PODS_ROOT}/Target Support Files/Pods-JobplanetTestApp/Pods-JobplanetTestApp-frameworks-${CONFIGURATION}-output-files.xcfilelist",
			);
			runOnlyForDeploymentPostprocessing = 0;
			shellPath = /bin/sh;
			shellScript = "\"${PODS_ROOT}/Target Support Files/Pods-JobplanetTestApp/Pods-JobplanetTestApp-frameworks.sh\"\n";
			showEnvVarsInLog = 0;
		};
		5F87F386AEFBCF949F366371 /* [CP] Check Pods Manifest.lock */ = {
			isa = PBXShellScriptBuildPhase;
			buildActionMask = 2147483647;
			files = (
			);
			inputFileListPaths = (
			);
			inputPaths = (
				"${PODS_PODFILE_DIR_PATH}/Podfile.lock",
				"${PODS_ROOT}/Manifest.lock",
			);
			name = "[CP] Check Pods Manifest.lock";
			outputFileListPaths = (
			);
			outputPaths = (
				"$(DERIVED_FILE_DIR)/Pods-JobplanetTestApp-checkManifestLockResult.txt",
			);
			runOnlyForDeploymentPostprocessing = 0;
			shellPath = /bin/sh;
			shellScript = "diff \"${PODS_PODFILE_DIR_PATH}/Podfile.lock\" \"${PODS_ROOT}/Manifest.lock\" > /dev/null\nif [ $? != 0 ] ; then\n    # print error to STDERR\n    echo \"error: The sandbox is not in sync with the Podfile.lock. Run 'pod install' or update your CocoaPods installation.\" >&2\n    exit 1\nfi\n# This output is used by Xcode 'outputs' to avoid re-running this script phase.\necho \"SUCCESS\" > \"${SCRIPT_OUTPUT_FILE_0}\"\n";
			showEnvVarsInLog = 0;
		};
/* End PBXShellScriptBuildPhase section */

/* Begin PBXSourcesBuildPhase section */
		7276B8FE260C67EC0011FEB9 /* Sources */ = {
			isa = PBXSourcesBuildPhase;
			buildActionMask = 2147483647;
			files = (
				722C5FD5260DACF400B60F75 /* ResultTableViewCell.swift in Sources */,
				722C5F8F260D841900B60F75 /* RootViewController.swift in Sources */,
				7276B906260C67EC0011FEB9 /* AppDelegate.swift in Sources */,
				7276B958260C6A650011FEB9 /* Enums.swift in Sources */,
				7276B95D260C6A6F0011FEB9 /* Protocols.swift in Sources */,
				7276B908260C67EC0011FEB9 /* SceneDelegate.swift in Sources */,
				722C5FCB260DACE200B60F75 /* HorizontalTableViewCell.swift in Sources */,
				722C5FED260DB7E600B60F75 /* CompanyTitleView.swift in Sources */,
				722C5F94260D842400B60F75 /* SearchViewController.swift in Sources */,
				7276B950260C6A5B0011FEB9 /* Constants.swift in Sources */,
				722C5F75260D77A300B60F75 /* APIRequest.swift in Sources */,
				722C5FDF260DB50B00B60F75 /* HorizontalCollectionViewCell.swift in Sources */,
				7276B964260C6ABD0011FEB9 /* SearchDataModel.swift in Sources */,
			);
			runOnlyForDeploymentPostprocessing = 0;
		};
		7276B914260C67EE0011FEB9 /* Sources */ = {
			isa = PBXSourcesBuildPhase;
			buildActionMask = 2147483647;
			files = (
				7276B91D260C67EE0011FEB9 /* JobplanetTestAppTests.swift in Sources */,
			);
			runOnlyForDeploymentPostprocessing = 0;
		};
		7276B91F260C67EE0011FEB9 /* Sources */ = {
			isa = PBXSourcesBuildPhase;
			buildActionMask = 2147483647;
			files = (
				7276B928260C67EE0011FEB9 /* JobplanetTestAppUITests.swift in Sources */,
			);
			runOnlyForDeploymentPostprocessing = 0;
		};
/* End PBXSourcesBuildPhase section */

/* Begin PBXTargetDependency section */
		7276B91A260C67EE0011FEB9 /* PBXTargetDependency */ = {
			isa = PBXTargetDependency;
			target = 7276B901260C67EC0011FEB9 /* JobplanetTestApp */;
			targetProxy = 7276B919260C67EE0011FEB9 /* PBXContainerItemProxy */;
		};
		7276B925260C67EE0011FEB9 /* PBXTargetDependency */ = {
			isa = PBXTargetDependency;
			target = 7276B901260C67EC0011FEB9 /* JobplanetTestApp */;
			targetProxy = 7276B924260C67EE0011FEB9 /* PBXContainerItemProxy */;
		};
/* End PBXTargetDependency section */

/* Begin PBXVariantGroup section */
		7276B910260C67ED0011FEB9 /* LaunchScreen.storyboard */ = {
			isa = PBXVariantGroup;
			children = (
				7276B911260C67ED0011FEB9 /* Base */,
			);
			name = LaunchScreen.storyboard;
			sourceTree = "<group>";
		};
/* End PBXVariantGroup section */

/* Begin XCBuildConfiguration section */
		7276B92A260C67EE0011FEB9 /* Debug */ = {
			isa = XCBuildConfiguration;
			buildSettings = {
				ALWAYS_SEARCH_USER_PATHS = NO;
				CLANG_ANALYZER_NONNULL = YES;
				CLANG_ANALYZER_NUMBER_OBJECT_CONVERSION = YES_AGGRESSIVE;
				CLANG_CXX_LANGUAGE_STANDARD = "gnu++14";
				CLANG_CXX_LIBRARY = "libc++";
				CLANG_ENABLE_MODULES = YES;
				CLANG_ENABLE_OBJC_ARC = YES;
				CLANG_ENABLE_OBJC_WEAK = YES;
				CLANG_WARN_BLOCK_CAPTURE_AUTORELEASING = YES;
				CLANG_WARN_BOOL_CONVERSION = YES;
				CLANG_WARN_COMMA = YES;
				CLANG_WARN_CONSTANT_CONVERSION = YES;
				CLANG_WARN_DEPRECATED_OBJC_IMPLEMENTATIONS = YES;
				CLANG_WARN_DIRECT_OBJC_ISA_USAGE = YES_ERROR;
				CLANG_WARN_DOCUMENTATION_COMMENTS = YES;
				CLANG_WARN_EMPTY_BODY = YES;
				CLANG_WARN_ENUM_CONVERSION = YES;
				CLANG_WARN_INFINITE_RECURSION = YES;
				CLANG_WARN_INT_CONVERSION = YES;
				CLANG_WARN_NON_LITERAL_NULL_CONVERSION = YES;
				CLANG_WARN_OBJC_IMPLICIT_RETAIN_SELF = YES;
				CLANG_WARN_OBJC_LITERAL_CONVERSION = YES;
				CLANG_WARN_OBJC_ROOT_CLASS = YES_ERROR;
				CLANG_WARN_QUOTED_INCLUDE_IN_FRAMEWORK_HEADER = YES;
				CLANG_WARN_RANGE_LOOP_ANALYSIS = YES;
				CLANG_WARN_STRICT_PROTOTYPES = YES;
				CLANG_WARN_SUSPICIOUS_MOVE = YES;
				CLANG_WARN_UNGUARDED_AVAILABILITY = YES_AGGRESSIVE;
				CLANG_WARN_UNREACHABLE_CODE = YES;
				CLANG_WARN__DUPLICATE_METHOD_MATCH = YES;
				COPY_PHASE_STRIP = NO;
				DEBUG_INFORMATION_FORMAT = dwarf;
				ENABLE_STRICT_OBJC_MSGSEND = YES;
				ENABLE_TESTABILITY = YES;
				GCC_C_LANGUAGE_STANDARD = gnu11;
				GCC_DYNAMIC_NO_PIC = NO;
				GCC_NO_COMMON_BLOCKS = YES;
				GCC_OPTIMIZATION_LEVEL = 0;
				GCC_PREPROCESSOR_DEFINITIONS = (
					"DEBUG=1",
					"$(inherited)",
				);
				GCC_WARN_64_TO_32_BIT_CONVERSION = YES;
				GCC_WARN_ABOUT_RETURN_TYPE = YES_ERROR;
				GCC_WARN_UNDECLARED_SELECTOR = YES;
				GCC_WARN_UNINITIALIZED_AUTOS = YES_AGGRESSIVE;
				GCC_WARN_UNUSED_FUNCTION = YES;
				GCC_WARN_UNUSED_VARIABLE = YES;
				IPHONEOS_DEPLOYMENT_TARGET = 14.4;
				MTL_ENABLE_DEBUG_INFO = INCLUDE_SOURCE;
				MTL_FAST_MATH = YES;
				ONLY_ACTIVE_ARCH = YES;
				SDKROOT = iphoneos;
				SWIFT_ACTIVE_COMPILATION_CONDITIONS = DEBUG;
				SWIFT_OPTIMIZATION_LEVEL = "-Onone";
			};
			name = Debug;
		};
		7276B92B260C67EE0011FEB9 /* Release */ = {
			isa = XCBuildConfiguration;
			buildSettings = {
				ALWAYS_SEARCH_USER_PATHS = NO;
				CLANG_ANALYZER_NONNULL = YES;
				CLANG_ANALYZER_NUMBER_OBJECT_CONVERSION = YES_AGGRESSIVE;
				CLANG_CXX_LANGUAGE_STANDARD = "gnu++14";
				CLANG_CXX_LIBRARY = "libc++";
				CLANG_ENABLE_MODULES = YES;
				CLANG_ENABLE_OBJC_ARC = YES;
				CLANG_ENABLE_OBJC_WEAK = YES;
				CLANG_WARN_BLOCK_CAPTURE_AUTORELEASING = YES;
				CLANG_WARN_BOOL_CONVERSION = YES;
				CLANG_WARN_COMMA = YES;
				CLANG_WARN_CONSTANT_CONVERSION = YES;
				CLANG_WARN_DEPRECATED_OBJC_IMPLEMENTATIONS = YES;
				CLANG_WARN_DIRECT_OBJC_ISA_USAGE = YES_ERROR;
				CLANG_WARN_DOCUMENTATION_COMMENTS = YES;
				CLANG_WARN_EMPTY_BODY = YES;
				CLANG_WARN_ENUM_CONVERSION = YES;
				CLANG_WARN_INFINITE_RECURSION = YES;
				CLANG_WARN_INT_CONVERSION = YES;
				CLANG_WARN_NON_LITERAL_NULL_CONVERSION = YES;
				CLANG_WARN_OBJC_IMPLICIT_RETAIN_SELF = YES;
				CLANG_WARN_OBJC_LITERAL_CONVERSION = YES;
				CLANG_WARN_OBJC_ROOT_CLASS = YES_ERROR;
				CLANG_WARN_QUOTED_INCLUDE_IN_FRAMEWORK_HEADER = YES;
				CLANG_WARN_RANGE_LOOP_ANALYSIS = YES;
				CLANG_WARN_STRICT_PROTOTYPES = YES;
				CLANG_WARN_SUSPICIOUS_MOVE = YES;
				CLANG_WARN_UNGUARDED_AVAILABILITY = YES_AGGRESSIVE;
				CLANG_WARN_UNREACHABLE_CODE = YES;
				CLANG_WARN__DUPLICATE_METHOD_MATCH = YES;
				COPY_PHASE_STRIP = NO;
				DEBUG_INFORMATION_FORMAT = "dwarf-with-dsym";
				ENABLE_NS_ASSERTIONS = NO;
				ENABLE_STRICT_OBJC_MSGSEND = YES;
				GCC_C_LANGUAGE_STANDARD = gnu11;
				GCC_NO_COMMON_BLOCKS = YES;
				GCC_WARN_64_TO_32_BIT_CONVERSION = YES;
				GCC_WARN_ABOUT_RETURN_TYPE = YES_ERROR;
				GCC_WARN_UNDECLARED_SELECTOR = YES;
				GCC_WARN_UNINITIALIZED_AUTOS = YES_AGGRESSIVE;
				GCC_WARN_UNUSED_FUNCTION = YES;
				GCC_WARN_UNUSED_VARIABLE = YES;
				IPHONEOS_DEPLOYMENT_TARGET = 14.4;
				MTL_ENABLE_DEBUG_INFO = NO;
				MTL_FAST_MATH = YES;
				SDKROOT = iphoneos;
				SWIFT_COMPILATION_MODE = wholemodule;
				SWIFT_OPTIMIZATION_LEVEL = "-O";
				VALIDATE_PRODUCT = YES;
			};
			name = Release;
		};
		7276B92D260C67EE0011FEB9 /* Debug */ = {
			isa = XCBuildConfiguration;
			baseConfigurationReference = 4581A216C15E9EC474D4FB63 /* Pods-JobplanetTestApp.debug.xcconfig */;
			buildSettings = {
				ASSETCATALOG_COMPILER_APPICON_NAME = AppIcon;
				ASSETCATALOG_COMPILER_GLOBAL_ACCENT_COLOR_NAME = AccentColor;
				CODE_SIGN_STYLE = Automatic;
				DEVELOPMENT_TEAM = STRQXD44ML;
				INFOPLIST_FILE = JobplanetTestApp/Info.plist;
				LD_RUNPATH_SEARCH_PATHS = (
					"$(inherited)",
					"@executable_path/Frameworks",
				);
				PRODUCT_BUNDLE_IDENTIFIER = com.junho.develop.JobplanetTestApp;
				PRODUCT_NAME = "$(TARGET_NAME)";
				SWIFT_VERSION = 5.0;
				TARGETED_DEVICE_FAMILY = 1;
			};
			name = Debug;
		};
		7276B92E260C67EE0011FEB9 /* Release */ = {
			isa = XCBuildConfiguration;
			baseConfigurationReference = 899139C503AE2F6A972D37FA /* Pods-JobplanetTestApp.release.xcconfig */;
			buildSettings = {
				ASSETCATALOG_COMPILER_APPICON_NAME = AppIcon;
				ASSETCATALOG_COMPILER_GLOBAL_ACCENT_COLOR_NAME = AccentColor;
				CODE_SIGN_STYLE = Automatic;
				DEVELOPMENT_TEAM = STRQXD44ML;
				INFOPLIST_FILE = JobplanetTestApp/Info.plist;
				LD_RUNPATH_SEARCH_PATHS = (
					"$(inherited)",
					"@executable_path/Frameworks",
				);
				PRODUCT_BUNDLE_IDENTIFIER = com.junho.develop.JobplanetTestApp;
				PRODUCT_NAME = "$(TARGET_NAME)";
				SWIFT_VERSION = 5.0;
				TARGETED_DEVICE_FAMILY = 1;
			};
			name = Release;
		};
		7276B930260C67EE0011FEB9 /* Debug */ = {
			isa = XCBuildConfiguration;
			baseConfigurationReference = 9E6E2CD41E6D1D649C3E6622 /* Pods-JobplanetTestAppTests.debug.xcconfig */;
			buildSettings = {
				ALWAYS_EMBED_SWIFT_STANDARD_LIBRARIES = YES;
				BUNDLE_LOADER = "$(TEST_HOST)";
				CODE_SIGN_STYLE = Automatic;
				DEVELOPMENT_TEAM = STRQXD44ML;
				INFOPLIST_FILE = JobplanetTestAppTests/Info.plist;
				IPHONEOS_DEPLOYMENT_TARGET = 14.4;
				LD_RUNPATH_SEARCH_PATHS = (
					"$(inherited)",
					"@executable_path/Frameworks",
					"@loader_path/Frameworks",
				);
				PRODUCT_BUNDLE_IDENTIFIER = com.junho.develop.JobplanetTestAppTests;
				PRODUCT_NAME = "$(TARGET_NAME)";
				SWIFT_VERSION = 5.0;
				TARGETED_DEVICE_FAMILY = "1,2";
				TEST_HOST = "$(BUILT_PRODUCTS_DIR)/JobplanetTestApp.app/JobplanetTestApp";
			};
			name = Debug;
		};
		7276B931260C67EE0011FEB9 /* Release */ = {
			isa = XCBuildConfiguration;
			baseConfigurationReference = 7F95D7EE602AB30B766EFCB1 /* Pods-JobplanetTestAppTests.release.xcconfig */;
			buildSettings = {
				ALWAYS_EMBED_SWIFT_STANDARD_LIBRARIES = YES;
				BUNDLE_LOADER = "$(TEST_HOST)";
				CODE_SIGN_STYLE = Automatic;
				DEVELOPMENT_TEAM = STRQXD44ML;
				INFOPLIST_FILE = JobplanetTestAppTests/Info.plist;
				IPHONEOS_DEPLOYMENT_TARGET = 14.4;
				LD_RUNPATH_SEARCH_PATHS = (
					"$(inherited)",
					"@executable_path/Frameworks",
					"@loader_path/Frameworks",
				);
				PRODUCT_BUNDLE_IDENTIFIER = com.junho.develop.JobplanetTestAppTests;
				PRODUCT_NAME = "$(TARGET_NAME)";
				SWIFT_VERSION = 5.0;
				TARGETED_DEVICE_FAMILY = "1,2";
				TEST_HOST = "$(BUILT_PRODUCTS_DIR)/JobplanetTestApp.app/JobplanetTestApp";
			};
			name = Release;
		};
		7276B933260C67EE0011FEB9 /* Debug */ = {
			isa = XCBuildConfiguration;
			baseConfigurationReference = 7B47629730C8759680843026 /* Pods-JobplanetTestApp-JobplanetTestAppUITests.debug.xcconfig */;
			buildSettings = {
				ALWAYS_EMBED_SWIFT_STANDARD_LIBRARIES = YES;
				CODE_SIGN_STYLE = Automatic;
				DEVELOPMENT_TEAM = STRQXD44ML;
				INFOPLIST_FILE = JobplanetTestAppUITests/Info.plist;
				LD_RUNPATH_SEARCH_PATHS = (
					"$(inherited)",
					"@executable_path/Frameworks",
					"@loader_path/Frameworks",
				);
				PRODUCT_BUNDLE_IDENTIFIER = com.junho.develop.JobplanetTestAppUITests;
				PRODUCT_NAME = "$(TARGET_NAME)";
				SWIFT_VERSION = 5.0;
				TARGETED_DEVICE_FAMILY = "1,2";
				TEST_TARGET_NAME = JobplanetTestApp;
			};
			name = Debug;
		};
		7276B934260C67EE0011FEB9 /* Release */ = {
			isa = XCBuildConfiguration;
			baseConfigurationReference = D8467A3F5D1A4D6019804107 /* Pods-JobplanetTestApp-JobplanetTestAppUITests.release.xcconfig */;
			buildSettings = {
				ALWAYS_EMBED_SWIFT_STANDARD_LIBRARIES = YES;
				CODE_SIGN_STYLE = Automatic;
				DEVELOPMENT_TEAM = STRQXD44ML;
				INFOPLIST_FILE = JobplanetTestAppUITests/Info.plist;
				LD_RUNPATH_SEARCH_PATHS = (
					"$(inherited)",
					"@executable_path/Frameworks",
					"@loader_path/Frameworks",
				);
				PRODUCT_BUNDLE_IDENTIFIER = com.junho.develop.JobplanetTestAppUITests;
				PRODUCT_NAME = "$(TARGET_NAME)";
				SWIFT_VERSION = 5.0;
				TARGETED_DEVICE_FAMILY = "1,2";
				TEST_TARGET_NAME = JobplanetTestApp;
			};
			name = Release;
		};
/* End XCBuildConfiguration section */

/* Begin XCConfigurationList section */
		7276B8FD260C67EC0011FEB9 /* Build configuration list for PBXProject "JobplanetTestApp" */ = {
			isa = XCConfigurationList;
			buildConfigurations = (
				7276B92A260C67EE0011FEB9 /* Debug */,
				7276B92B260C67EE0011FEB9 /* Release */,
			);
			defaultConfigurationIsVisible = 0;
			defaultConfigurationName = Release;
		};
		7276B92C260C67EE0011FEB9 /* Build configuration list for PBXNativeTarget "JobplanetTestApp" */ = {
			isa = XCConfigurationList;
			buildConfigurations = (
				7276B92D260C67EE0011FEB9 /* Debug */,
				7276B92E260C67EE0011FEB9 /* Release */,
			);
			defaultConfigurationIsVisible = 0;
			defaultConfigurationName = Release;
		};
		7276B92F260C67EE0011FEB9 /* Build configuration list for PBXNativeTarget "JobplanetTestAppTests" */ = {
			isa = XCConfigurationList;
			buildConfigurations = (
				7276B930260C67EE0011FEB9 /* Debug */,
				7276B931260C67EE0011FEB9 /* Release */,
			);
			defaultConfigurationIsVisible = 0;
			defaultConfigurationName = Release;
		};
		7276B932260C67EE0011FEB9 /* Build configuration list for PBXNativeTarget "JobplanetTestAppUITests" */ = {
			isa = XCConfigurationList;
			buildConfigurations = (
				7276B933260C67EE0011FEB9 /* Debug */,
				7276B934260C67EE0011FEB9 /* Release */,
			);
			defaultConfigurationIsVisible = 0;
			defaultConfigurationName = Release;
		};
/* End XCConfigurationList section */
	};
	rootObject = 7276B8FA260C67EC0011FEB9 /* Project object */;
}
